// !$*UTF8*$!
{
	archiveVersion = 1;
	classes = {
	};
	objectVersion = 50;
	objects = {

/* Begin PBXBuildFile section */
		E91B2BDB25E9D48C0007CFC0 /* Assets.xcassets in Resources */ = {isa = PBXBuildFile; fileRef = E91B2BDA25E9D48C0007CFC0 /* Assets.xcassets */; };
		E91B2BDE25E9D48C0007CFC0 /* Preview Assets.xcassets in Resources */ = {isa = PBXBuildFile; fileRef = E91B2BDD25E9D48C0007CFC0 /* Preview Assets.xcassets */; };
		E9805F4525EE667800A6CEC6 /* NavigationBarModifier.swift in Sources */ = {isa = PBXBuildFile; fileRef = E9805F4425EE667800A6CEC6 /* NavigationBarModifier.swift */; };
		E9805F4825EE667E00A6CEC6 /* NavigationViewModifier.swift in Sources */ = {isa = PBXBuildFile; fileRef = E9805F4725EE667E00A6CEC6 /* NavigationViewModifier.swift */; };
		E9805F4D25EE87A400A6CEC6 /* CardDetailView.swift in Sources */ = {isa = PBXBuildFile; fileRef = E9805F4C25EE87A400A6CEC6 /* CardDetailView.swift */; };
		E9F9819825EE527F00577729 /* Models.swift in Sources */ = {isa = PBXBuildFile; fileRef = E9F9818C25EE527E00577729 /* Models.swift */; };
		E9F9819925EE527F00577729 /* ContentView.swift in Sources */ = {isa = PBXBuildFile; fileRef = E9F9818D25EE527E00577729 /* ContentView.swift */; };
		E9F9819C25EE527F00577729 /* Wantedly_TestApp.swift in Sources */ = {isa = PBXBuildFile; fileRef = E9F9819125EE527E00577729 /* Wantedly_TestApp.swift */; };
		E9F9819D25EE527F00577729 /* DummyView2.swift in Sources */ = {isa = PBXBuildFile; fileRef = E9F9819225EE527E00577729 /* DummyView2.swift */; };
		E9F9819E25EE527F00577729 /* DataHub.swift in Sources */ = {isa = PBXBuildFile; fileRef = E9F9819325EE527E00577729 /* DataHub.swift */; };
		E9F981A125EE527F00577729 /* DummyView1.swift in Sources */ = {isa = PBXBuildFile; fileRef = E9F9819625EE527E00577729 /* DummyView1.swift */; };
		E9F981A225EE527F00577729 /* MainView.swift in Sources */ = {isa = PBXBuildFile; fileRef = E9F9819725EE527F00577729 /* MainView.swift */; };
/* End PBXBuildFile section */

/* Begin PBXFileReference section */
		E91B2BD325E9D4890007CFC0 /* Wantedly_Test.app */ = {isa = PBXFileReference; explicitFileType = wrapper.application; includeInIndex = 0; path = Wantedly_Test.app; sourceTree = BUILT_PRODUCTS_DIR; };
		E91B2BDA25E9D48C0007CFC0 /* Assets.xcassets */ = {isa = PBXFileReference; lastKnownFileType = folder.assetcatalog; path = Assets.xcassets; sourceTree = "<group>"; };
		E91B2BDD25E9D48C0007CFC0 /* Preview Assets.xcassets */ = {isa = PBXFileReference; lastKnownFileType = folder.assetcatalog; path = "Preview Assets.xcassets"; sourceTree = "<group>"; };
		E91B2BDF25E9D48C0007CFC0 /* Info.plist */ = {isa = PBXFileReference; lastKnownFileType = text.plist.xml; path = Info.plist; sourceTree = "<group>"; };
		E9805F4425EE667800A6CEC6 /* NavigationBarModifier.swift */ = {isa = PBXFileReference; fileEncoding = 4; lastKnownFileType = sourcecode.swift; path = NavigationBarModifier.swift; sourceTree = "<group>"; };
		E9805F4725EE667E00A6CEC6 /* NavigationViewModifier.swift */ = {isa = PBXFileReference; fileEncoding = 4; lastKnownFileType = sourcecode.swift; path = NavigationViewModifier.swift; sourceTree = "<group>"; };
		E9805F4C25EE87A400A6CEC6 /* CardDetailView.swift */ = {isa = PBXFileReference; lastKnownFileType = sourcecode.swift; path = CardDetailView.swift; sourceTree = "<group>"; };
		E9F9818B25EE527D00577729 /* Wantedly_Test-Bridging-Header.h */ = {isa = PBXFileReference; lastKnownFileType = sourcecode.c.h; path = "Wantedly_Test-Bridging-Header.h"; sourceTree = "<group>"; };
		E9F9818C25EE527E00577729 /* Models.swift */ = {isa = PBXFileReference; fileEncoding = 4; lastKnownFileType = sourcecode.swift; path = Models.swift; sourceTree = "<group>"; };
		E9F9818D25EE527E00577729 /* ContentView.swift */ = {isa = PBXFileReference; fileEncoding = 4; lastKnownFileType = sourcecode.swift; path = ContentView.swift; sourceTree = "<group>"; };
		E9F9819125EE527E00577729 /* Wantedly_TestApp.swift */ = {isa = PBXFileReference; fileEncoding = 4; lastKnownFileType = sourcecode.swift; path = Wantedly_TestApp.swift; sourceTree = "<group>"; };
		E9F9819225EE527E00577729 /* DummyView2.swift */ = {isa = PBXFileReference; fileEncoding = 4; lastKnownFileType = sourcecode.swift; path = DummyView2.swift; sourceTree = "<group>"; };
		E9F9819325EE527E00577729 /* DataHub.swift */ = {isa = PBXFileReference; fileEncoding = 4; lastKnownFileType = sourcecode.swift; path = DataHub.swift; sourceTree = "<group>"; };
		E9F9819625EE527E00577729 /* DummyView1.swift */ = {isa = PBXFileReference; fileEncoding = 4; lastKnownFileType = sourcecode.swift; path = DummyView1.swift; sourceTree = "<group>"; };
		E9F9819725EE527F00577729 /* MainView.swift */ = {isa = PBXFileReference; fileEncoding = 4; lastKnownFileType = sourcecode.swift; path = MainView.swift; sourceTree = "<group>"; };
/* End PBXFileReference section */

/* Begin PBXFrameworksBuildPhase section */
		E91B2BD025E9D4890007CFC0 /* Frameworks */ = {
			isa = PBXFrameworksBuildPhase;
			buildActionMask = 2147483647;
			files = (
			);
			runOnlyForDeploymentPostprocessing = 0;
		};
/* End PBXFrameworksBuildPhase section */

/* Begin PBXGroup section */
		E91B2BCA25E9D4890007CFC0 = {
			isa = PBXGroup;
			children = (
				E91B2BD525E9D4890007CFC0 /* Wantedly_Test */,
				E91B2BD425E9D4890007CFC0 /* Products */,
			);
			sourceTree = "<group>";
		};
		E91B2BD425E9D4890007CFC0 /* Products */ = {
			isa = PBXGroup;
			children = (
				E91B2BD325E9D4890007CFC0 /* Wantedly_Test.app */,
			);
			name = Products;
			sourceTree = "<group>";
		};
		E91B2BD525E9D4890007CFC0 /* Wantedly_Test */ = {
			isa = PBXGroup;
			children = (
				E9F981A625EF88D100577729 /* Resources */,
				E9F9818E25EE527E00577729 /* ViewModifiers */,
				E9F9818D25EE527E00577729 /* ContentView.swift */,
				E9F9819325EE527E00577729 /* DataHub.swift */,
				E9F9819725EE527F00577729 /* MainView.swift */,
				E9805F4C25EE87A400A6CEC6 /* CardDetailView.swift */,
				E9F9818C25EE527E00577729 /* Models.swift */,
				E9F9819125EE527E00577729 /* Wantedly_TestApp.swift */,
				E9F9819625EE527E00577729 /* DummyView1.swift */,
				E9F9819225EE527E00577729 /* DummyView2.swift */,
				E91B2BDA25E9D48C0007CFC0 /* Assets.xcassets */,
				E91B2BDF25E9D48C0007CFC0 /* Info.plist */,
				E91B2BDC25E9D48C0007CFC0 /* Preview Content */,
				E9F9818B25EE527D00577729 /* Wantedly_Test-Bridging-Header.h */,
			);
			path = Wantedly_Test;
			sourceTree = "<group>";
		};
		E91B2BDC25E9D48C0007CFC0 /* Preview Content */ = {
			isa = PBXGroup;
			children = (
				E91B2BDD25E9D48C0007CFC0 /* Preview Assets.xcassets */,
			);
			path = "Preview Content";
			sourceTree = "<group>";
		};
		E9F9818E25EE527E00577729 /* ViewModifiers */ = {
			isa = PBXGroup;
			children = (
				E9805F4725EE667E00A6CEC6 /* NavigationViewModifier.swift */,
				E9805F4425EE667800A6CEC6 /* NavigationBarModifier.swift */,
			);
			path = ViewModifiers;
			sourceTree = "<group>";
		};
		E9F981A625EF88D100577729 /* Resources */ = {
			isa = PBXGroup;
			children = (
			);
			path = Resources;
			sourceTree = "<group>";
		};
/* End PBXGroup section */

/* Begin PBXNativeTarget section */
		E91B2BD225E9D4890007CFC0 /* Wantedly_Test */ = {
			isa = PBXNativeTarget;
			buildConfigurationList = E91B2BE225E9D48C0007CFC0 /* Build configuration list for PBXNativeTarget "Wantedly_Test" */;
			buildPhases = (
				E91B2BCF25E9D4890007CFC0 /* Sources */,
				E91B2BD025E9D4890007CFC0 /* Frameworks */,
				E91B2BD125E9D4890007CFC0 /* Resources */,
			);
			buildRules = (
			);
			dependencies = (
			);
			name = Wantedly_Test;
			productName = Wantedly_Test;
			productReference = E91B2BD325E9D4890007CFC0 /* Wantedly_Test.app */;
			productType = "com.apple.product-type.application";
		};
/* End PBXNativeTarget section */

/* Begin PBXProject section */
		E91B2BCB25E9D4890007CFC0 /* Project object */ = {
			isa = PBXProject;
			attributes = {
				LastSwiftUpdateCheck = 1240;
				LastUpgradeCheck = 1240;
				TargetAttributes = {
					E91B2BD225E9D4890007CFC0 = {
						CreatedOnToolsVersion = 12.4;
						LastSwiftMigration = 1240;
					};
				};
			};
			buildConfigurationList = E91B2BCE25E9D4890007CFC0 /* Build configuration list for PBXProject "Wantedly_Test" */;
			compatibilityVersion = "Xcode 9.3";
			developmentRegion = en;
			hasScannedForEncodings = 0;
			knownRegions = (
				en,
				Base,
			);
			mainGroup = E91B2BCA25E9D4890007CFC0;
			productRefGroup = E91B2BD425E9D4890007CFC0 /* Products */;
			projectDirPath = "";
			projectRoot = "";
			targets = (
				E91B2BD225E9D4890007CFC0 /* Wantedly_Test */,
			);
		};
/* End PBXProject section */

/* Begin PBXResourcesBuildPhase section */
		E91B2BD125E9D4890007CFC0 /* Resources */ = {
			isa = PBXResourcesBuildPhase;
			buildActionMask = 2147483647;
			files = (
				E91B2BDE25E9D48C0007CFC0 /* Preview Assets.xcassets in Resources */,
				E91B2BDB25E9D48C0007CFC0 /* Assets.xcassets in Resources */,
			);
			runOnlyForDeploymentPostprocessing = 0;
		};
/* End PBXResourcesBuildPhase section */

/* Begin PBXSourcesBuildPhase section */
		E91B2BCF25E9D4890007CFC0 /* Sources */ = {
			isa = PBXSourcesBuildPhase;
			buildActionMask = 2147483647;
			files = (
				E9805F4525EE667800A6CEC6 /* NavigationBarModifier.swift in Sources */,
				E9F9819925EE527F00577729 /* ContentView.swift in Sources */,
				E9F9819825EE527F00577729 /* Models.swift in Sources */,
				E9805F4825EE667E00A6CEC6 /* NavigationViewModifier.swift in Sources */,
				E9F9819D25EE527F00577729 /* DummyView2.swift in Sources */,
				E9F9819C25EE527F00577729 /* Wantedly_TestApp.swift in Sources */,
				E9F981A225EE527F00577729 /* MainView.swift in Sources */,
				E9805F4D25EE87A400A6CEC6 /* CardDetailView.swift in Sources */,
				E9F981A125EE527F00577729 /* DummyView1.swift in Sources */,
				E9F9819E25EE527F00577729 /* DataHub.swift in Sources */,
			);
			runOnlyForDeploymentPostprocessing = 0;
		};
/* End PBXSourcesBuildPhase section */

/* Begin XCBuildConfiguration section */
		E91B2BE025E9D48C0007CFC0 /* Debug */ = {
			isa = XCBuildConfiguration;
			buildSettings = {
				ALWAYS_SEARCH_USER_PATHS = NO;
				CLANG_ANALYZER_NONNULL = YES;
				CLANG_ANALYZER_NUMBER_OBJECT_CONVERSION = YES_AGGRESSIVE;
				CLANG_CXX_LANGUAGE_STANDARD = "gnu++14";
				CLANG_CXX_LIBRARY = "libc++";
				CLANG_ENABLE_MODULES = YES;
				CLANG_ENABLE_OBJC_ARC = YES;
				CLANG_ENABLE_OBJC_WEAK = YES;
				CLANG_WARN_BLOCK_CAPTURE_AUTORELEASING = YES;
				CLANG_WARN_BOOL_CONVERSION = YES;
				CLANG_WARN_COMMA = YES;
				CLANG_WARN_CONSTANT_CONVERSION = YES;
				CLANG_WARN_DEPRECATED_OBJC_IMPLEMENTATIONS = YES;
				CLANG_WARN_DIRECT_OBJC_ISA_USAGE = YES_ERROR;
				CLANG_WARN_DOCUMENTATION_COMMENTS = YES;
				CLANG_WARN_EMPTY_BODY = YES;
				CLANG_WARN_ENUM_CONVERSION = YES;
				CLANG_WARN_INFINITE_RECURSION = YES;
				CLANG_WARN_INT_CONVERSION = YES;
				CLANG_WARN_NON_LITERAL_NULL_CONVERSION = YES;
				CLANG_WARN_OBJC_IMPLICIT_RETAIN_SELF = YES;
				CLANG_WARN_OBJC_LITERAL_CONVERSION = YES;
				CLANG_WARN_OBJC_ROOT_CLASS = YES_ERROR;
				CLANG_WARN_QUOTED_INCLUDE_IN_FRAMEWORK_HEADER = YES;
				CLANG_WARN_RANGE_LOOP_ANALYSIS = YES;
				CLANG_WARN_STRICT_PROTOTYPES = YES;
				CLANG_WARN_SUSPICIOUS_MOVE = YES;
				CLANG_WARN_UNGUARDED_AVAILABILITY = YES_AGGRESSIVE;
				CLANG_WARN_UNREACHABLE_CODE = YES;
				CLANG_WARN__DUPLICATE_METHOD_MATCH = YES;
				COPY_PHASE_STRIP = NO;
				DEBUG_INFORMATION_FORMAT = dwarf;
				ENABLE_STRICT_OBJC_MSGSEND = YES;
				ENABLE_TESTABILITY = YES;
				GCC_C_LANGUAGE_STANDARD = gnu11;
				GCC_DYNAMIC_NO_PIC = NO;
				GCC_NO_COMMON_BLOCKS = YES;
				GCC_OPTIMIZATION_LEVEL = 0;
				GCC_PREPROCESSOR_DEFINITIONS = (
					"DEBUG=1",
					"$(inherited)",
				);
				GCC_WARN_64_TO_32_BIT_CONVERSION = YES;
				GCC_WARN_ABOUT_RETURN_TYPE = YES_ERROR;
				GCC_WARN_UNDECLARED_SELECTOR = YES;
				GCC_WARN_UNINITIALIZED_AUTOS = YES_AGGRESSIVE;
				GCC_WARN_UNUSED_FUNCTION = YES;
				GCC_WARN_UNUSED_VARIABLE = YES;
				IPHONEOS_DEPLOYMENT_TARGET = 14.4;
				MTL_ENABLE_DEBUG_INFO = INCLUDE_SOURCE;
				MTL_FAST_MATH = YES;
				ONLY_ACTIVE_ARCH = YES;
				SDKROOT = iphoneos;
				SWIFT_ACTIVE_COMPILATION_CONDITIONS = DEBUG;
				SWIFT_OPTIMIZATION_LEVEL = "-Onone";
			};
			name = Debug;
		};
		E91B2BE125E9D48C0007CFC0 /* Release */ = {
			isa = XCBuildConfiguration;
			buildSettings = {
				ALWAYS_SEARCH_USER_PATHS = NO;
				CLANG_ANALYZER_NONNULL = YES;
				CLANG_ANALYZER_NUMBER_OBJECT_CONVERSION = YES_AGGRESSIVE;
				CLANG_CXX_LANGUAGE_STANDARD = "gnu++14";
				CLANG_CXX_LIBRARY = "libc++";
				CLANG_ENABLE_MODULES = YES;
				CLANG_ENABLE_OBJC_ARC = YES;
				CLANG_ENABLE_OBJC_WEAK = YES;
				CLANG_WARN_BLOCK_CAPTURE_AUTORELEASING = YES;
				CLANG_WARN_BOOL_CONVERSION = YES;
				CLANG_WARN_COMMA = YES;
				CLANG_WARN_CONSTANT_CONVERSION = YES;
				CLANG_WARN_DEPRECATED_OBJC_IMPLEMENTATIONS = YES;
				CLANG_WARN_DIRECT_OBJC_ISA_USAGE = YES_ERROR;
				CLANG_WARN_DOCUMENTATION_COMMENTS = YES;
				CLANG_WARN_EMPTY_BODY = YES;
				CLANG_WARN_ENUM_CONVERSION = YES;
				CLANG_WARN_INFINITE_RECURSION = YES;
				CLANG_WARN_INT_CONVERSION = YES;
				CLANG_WARN_NON_LITERAL_NULL_CONVERSION = YES;
				CLANG_WARN_OBJC_IMPLICIT_RETAIN_SELF = YES;
				CLANG_WARN_OBJC_LITERAL_CONVERSION = YES;
				CLANG_WARN_OBJC_ROOT_CLASS = YES_ERROR;
				CLANG_WARN_QUOTED_INCLUDE_IN_FRAMEWORK_HEADER = YES;
				CLANG_WARN_RANGE_LOOP_ANALYSIS = YES;
				CLANG_WARN_STRICT_PROTOTYPES = YES;
				CLANG_WARN_SUSPICIOUS_MOVE = YES;
				CLANG_WARN_UNGUARDED_AVAILABILITY = YES_AGGRESSIVE;
				CLANG_WARN_UNREACHABLE_CODE = YES;
				CLANG_WARN__DUPLICATE_METHOD_MATCH = YES;
				COPY_PHASE_STRIP = NO;
				DEBUG_INFORMATION_FORMAT = "dwarf-with-dsym";
				ENABLE_NS_ASSERTIONS = NO;
				ENABLE_STRICT_OBJC_MSGSEND = YES;
				GCC_C_LANGUAGE_STANDARD = gnu11;
				GCC_NO_COMMON_BLOCKS = YES;
				GCC_WARN_64_TO_32_BIT_CONVERSION = YES;
				GCC_WARN_ABOUT_RETURN_TYPE = YES_ERROR;
				GCC_WARN_UNDECLARED_SELECTOR = YES;
				GCC_WARN_UNINITIALIZED_AUTOS = YES_AGGRESSIVE;
				GCC_WARN_UNUSED_FUNCTION = YES;
				GCC_WARN_UNUSED_VARIABLE = YES;
				IPHONEOS_DEPLOYMENT_TARGET = 14.4;
				MTL_ENABLE_DEBUG_INFO = NO;
				MTL_FAST_MATH = YES;
				SDKROOT = iphoneos;
				SWIFT_COMPILATION_MODE = wholemodule;
				SWIFT_OPTIMIZATION_LEVEL = "-O";
				VALIDATE_PRODUCT = YES;
			};
			name = Release;
		};
		E91B2BE325E9D48C0007CFC0 /* Debug */ = {
			isa = XCBuildConfiguration;
			buildSettings = {
				ASSETCATALOG_COMPILER_APPICON_NAME = AppIcon;
				ASSETCATALOG_COMPILER_GLOBAL_ACCENT_COLOR_NAME = AccentColor;
				CLANG_ENABLE_MODULES = YES;
				CODE_SIGN_STYLE = Automatic;
				DEVELOPMENT_ASSET_PATHS = "\"Wantedly_Test/Preview Content\"";
				DEVELOPMENT_TEAM = 38WFK55345;
				ENABLE_PREVIEWS = YES;
				INFOPLIST_FILE = Wantedly_Test/Info.plist;
				IPHONEOS_DEPLOYMENT_TARGET = 14.0;
				LD_RUNPATH_SEARCH_PATHS = (
					"$(inherited)",
					"@executable_path/Frameworks",
				);
				PRODUCT_BUNDLE_IDENTIFIER = "Bofan.Y.Wantedly-Test";
				PRODUCT_NAME = "$(TARGET_NAME)";
				SWIFT_OBJC_BRIDGING_HEADER = "Wantedly_Test/Wantedly_Test-Bridging-Header.h";
				SWIFT_OPTIMIZATION_LEVEL = "-Onone";
				SWIFT_VERSION = 5.0;
				TARGETED_DEVICE_FAMILY = "1,2";
			};
			name = Debug;
		};
		E91B2BE425E9D48C0007CFC0 /* Release */ = {
			isa = XCBuildConfiguration;
			buildSettings = {
				ASSETCATALOG_COMPILER_APPICON_NAME = AppIcon;
				ASSETCATALOG_COMPILER_GLOBAL_ACCENT_COLOR_NAME = AccentColor;
				CLANG_ENABLE_MODULES = YES;
				CODE_SIGN_STYLE = Automatic;
				DEVELOPMENT_ASSET_PATHS = "\"Wantedly_Test/Preview Content\"";
				DEVELOPMENT_TEAM = 38WFK55345;
				ENABLE_PREVIEWS = YES;
				INFOPLIST_FILE = Wantedly_Test/Info.plist;
				IPHONEOS_DEPLOYMENT_TARGET = 14.0;
				LD_RUNPATH_SEARCH_PATHS = (
					"$(inherited)",
					"@executable_path/Frameworks",
				);
				PRODUCT_BUNDLE_IDENTIFIER = "Bofan.Y.Wantedly-Test";
				PRODUCT_NAME = "$(TARGET_NAME)";
				SWIFT_OBJC_BRIDGING_HEADER = "Wantedly_Test/Wantedly_Test-Bridging-Header.h";
				SWIFT_VERSION = 5.0;
				TARGETED_DEVICE_FAMILY = "1,2";
			};
			name = Release;
		};
/* End XCBuildConfiguration section */

/* Begin XCConfigurationList section */
		E91B2BCE25E9D4890007CFC0 /* Build configuration list for PBXProject "Wantedly_Test" */ = {
			isa = XCConfigurationList;
			buildConfigurations = (
				E91B2BE025E9D48C0007CFC0 /* Debug */,
				E91B2BE125E9D48C0007CFC0 /* Release */,
			);
			defaultConfigurationIsVisible = 0;
			defaultConfigurationName = Release;
		};
		E91B2BE225E9D48C0007CFC0 /* Build configuration list for PBXNativeTarget "Wantedly_Test" */ = {
			isa = XCConfigurationList;
			buildConfigurations = (
				E91B2BE325E9D48C0007CFC0 /* Debug */,
				E91B2BE425E9D48C0007CFC0 /* Release */,
			);
			defaultConfigurationIsVisible = 0;
			defaultConfigurationName = Release;
		};
/* End XCConfigurationList section */
	};
	rootObject = E91B2BCB25E9D4890007CFC0 /* Project object */;
}
